
Microsoft Visual Studio Solution File, Format Version 12.00
# Visual Studio Version 17
VisualStudioVersion = 17.14.36414.22
MinimumVisualStudioVersion = 10.0.40219.1
Project("{FAE04EC0-301F-11D3-BF4B-00C04F79EFBC}") = "01_MainSubjects", "01_MainSubjects\01_MainSubjects.csproj", "{CD0FDB61-2BDF-422F-937B-438B0F84652C}"
EndProject
Project("{FAE04EC0-301F-11D3-BF4B-00C04F79EFBC}") = "02_Variables", "02_Variables\02_Variables.csproj", "{548C9D7D-1A18-431A-8006-679A2518A838}"
EndProject
Global
	GlobalSection(SolutionConfigurationPlatforms) = preSolution
		Debug|Any CPU = Debug|Any CPU
		Release|Any CPU = Release|Any CPU
	EndGlobalSection
	GlobalSection(ProjectConfigurationPlatforms) = postSolution
		{CD0FDB61-2BDF-422F-937B-438B0F84652C}.Debug|Any CPU.ActiveCfg = Debug|Any CPU
		{CD0FDB61-2BDF-422F-937B-438B0F84652C}.Debug|Any CPU.Build.0 = Debug|Any CPU
		{CD0FDB61-2BDF-422F-937B-438B0F84652C}.Release|Any CPU.ActiveCfg = Release|Any CPU
		{CD0FDB61-2BDF-422F-937B-438B0F84652C}.Release|Any CPU.Build.0 = Release|Any CPU
		{548C9D7D-1A18-431A-8006-679A2518A838}.Debug|Any CPU.ActiveCfg = Debug|Any CPU
		{548C9D7D-1A18-431A-8006-679A2518A838}.Debug|Any CPU.Build.0 = Debug|Any CPU
		{548C9D7D-1A18-431A-8006-679A2518A838}.Release|Any CPU.ActiveCfg = Release|Any CPU
		{548C9D7D-1A18-431A-8006-679A2518A838}.Release|Any CPU.Build.0 = Release|Any CPU
	EndGlobalSection
	GlobalSection(SolutionProperties) = preSolution
		HideSolutionNode = FALSE
	EndGlobalSection
	GlobalSection(ExtensibilityGlobals) = postSolution
		SolutionGuid = {92E13114-7058-4B36-81A4-01596180B0AD}
	EndGlobalSection
EndGlobal
